
Microsoft Visual Studio Solution File, Format Version 12.00
# Visual Studio Version 16
VisualStudioVersion = 16.0.30114.105
MinimumVisualStudioVersion = 10.0.40219.1
Project("{2150E333-8FDC-42A3-9474-1A3956D46DE8}") = "src", "src", "{FF122687-3D6B-4C80-B719-30E0CDE3E67E}"
EndProject
Project("{FAE04EC0-301F-11D3-BF4B-00C04F79EFBC}") = "Own.Application", "src\Own.Application\Own.Application.csproj", "{CD956CD8-C9B4-4DF4-A1F6-699D617D7295}"
EndProject
Project("{FAE04EC0-301F-11D3-BF4B-00C04F79EFBC}") = "Own.Contracts", "src\Own.Contracts\Own.Contracts.csproj", "{EFDE12C9-8612-4F24-B636-585AB57F235F}"
EndProject
Project("{FAE04EC0-301F-11D3-BF4B-00C04F79EFBC}") = "Own.Domain", "src\Own.Domain\Own.Domain.csproj", "{1AF98C58-4CB5-470D-B9EB-EC80C783B756}"
EndProject
Project("{FAE04EC0-301F-11D3-BF4B-00C04F79EFBC}") = "Own.Infrastructure", "src\Own.Infrastructure\Own.Infrastructure.csproj", "{8C9FC490-1C8C-4233-94C1-3AED3F3FA59C}"
EndProject
Project("{FAE04EC0-301F-11D3-BF4B-00C04F79EFBC}") = "Own.WebApi", "src\Own.WebApi\Own.WebApi.csproj", "{49E1AE29-5EBB-4B7F-8977-0686593900DA}"
EndProject
Project("{2150E333-8FDC-42A3-9474-1A3956D46DE8}") = "tests", "tests", "{6FCE8C31-4CC9-4F8B-84EE-AA305D41FBDA}"
EndProject
Project("{FAE04EC0-301F-11D3-BF4B-00C04F79EFBC}") = "Own.Application.UnitTests", "tests\Own.Application.UnitTests\Own.Application.UnitTests.csproj", "{01CAD46B-DB4A-4AAB-94B4-A5BD2A291316}"
EndProject
Global
	GlobalSection(SolutionConfigurationPlatforms) = preSolution
		Debug|Any CPU = Debug|Any CPU
		Release|Any CPU = Release|Any CPU
	EndGlobalSection
	GlobalSection(SolutionProperties) = preSolution
		HideSolutionNode = FALSE
	EndGlobalSection
	GlobalSection(ProjectConfigurationPlatforms) = postSolution
		{CD956CD8-C9B4-4DF4-A1F6-699D617D7295}.Debug|Any CPU.ActiveCfg = Debug|Any CPU
		{CD956CD8-C9B4-4DF4-A1F6-699D617D7295}.Debug|Any CPU.Build.0 = Debug|Any CPU
		{CD956CD8-C9B4-4DF4-A1F6-699D617D7295}.Release|Any CPU.ActiveCfg = Release|Any CPU
		{CD956CD8-C9B4-4DF4-A1F6-699D617D7295}.Release|Any CPU.Build.0 = Release|Any CPU
		{EFDE12C9-8612-4F24-B636-585AB57F235F}.Debug|Any CPU.ActiveCfg = Debug|Any CPU
		{EFDE12C9-8612-4F24-B636-585AB57F235F}.Debug|Any CPU.Build.0 = Debug|Any CPU
		{EFDE12C9-8612-4F24-B636-585AB57F235F}.Release|Any CPU.ActiveCfg = Release|Any CPU
		{EFDE12C9-8612-4F24-B636-585AB57F235F}.Release|Any CPU.Build.0 = Release|Any CPU
		{1AF98C58-4CB5-470D-B9EB-EC80C783B756}.Debug|Any CPU.ActiveCfg = Debug|Any CPU
		{1AF98C58-4CB5-470D-B9EB-EC80C783B756}.Debug|Any CPU.Build.0 = Debug|Any CPU
		{1AF98C58-4CB5-470D-B9EB-EC80C783B756}.Release|Any CPU.ActiveCfg = Release|Any CPU
		{1AF98C58-4CB5-470D-B9EB-EC80C783B756}.Release|Any CPU.Build.0 = Release|Any CPU
		{8C9FC490-1C8C-4233-94C1-3AED3F3FA59C}.Debug|Any CPU.ActiveCfg = Debug|Any CPU
		{8C9FC490-1C8C-4233-94C1-3AED3F3FA59C}.Debug|Any CPU.Build.0 = Debug|Any CPU
		{8C9FC490-1C8C-4233-94C1-3AED3F3FA59C}.Release|Any CPU.ActiveCfg = Release|Any CPU
		{8C9FC490-1C8C-4233-94C1-3AED3F3FA59C}.Release|Any CPU.Build.0 = Release|Any CPU
		{49E1AE29-5EBB-4B7F-8977-0686593900DA}.Debug|Any CPU.ActiveCfg = Debug|Any CPU
		{49E1AE29-5EBB-4B7F-8977-0686593900DA}.Debug|Any CPU.Build.0 = Debug|Any CPU
		{49E1AE29-5EBB-4B7F-8977-0686593900DA}.Release|Any CPU.ActiveCfg = Release|Any CPU
		{49E1AE29-5EBB-4B7F-8977-0686593900DA}.Release|Any CPU.Build.0 = Release|Any CPU
		{01CAD46B-DB4A-4AAB-94B4-A5BD2A291316}.Debug|Any CPU.ActiveCfg = Debug|Any CPU
		{01CAD46B-DB4A-4AAB-94B4-A5BD2A291316}.Debug|Any CPU.Build.0 = Debug|Any CPU
		{01CAD46B-DB4A-4AAB-94B4-A5BD2A291316}.Release|Any CPU.ActiveCfg = Release|Any CPU
		{01CAD46B-DB4A-4AAB-94B4-A5BD2A291316}.Release|Any CPU.Build.0 = Release|Any CPU
	EndGlobalSection
	GlobalSection(NestedProjects) = preSolution
		{CD956CD8-C9B4-4DF4-A1F6-699D617D7295} = {FF122687-3D6B-4C80-B719-30E0CDE3E67E}
		{EFDE12C9-8612-4F24-B636-585AB57F235F} = {FF122687-3D6B-4C80-B719-30E0CDE3E67E}
		{1AF98C58-4CB5-470D-B9EB-EC80C783B756} = {FF122687-3D6B-4C80-B719-30E0CDE3E67E}
		{8C9FC490-1C8C-4233-94C1-3AED3F3FA59C} = {FF122687-3D6B-4C80-B719-30E0CDE3E67E}
		{49E1AE29-5EBB-4B7F-8977-0686593900DA} = {FF122687-3D6B-4C80-B719-30E0CDE3E67E}
		{01CAD46B-DB4A-4AAB-94B4-A5BD2A291316} = {6FCE8C31-4CC9-4F8B-84EE-AA305D41FBDA}
	EndGlobalSection
EndGlobal
