
Microsoft Visual Studio Solution File, Format Version 12.00
# Visual Studio Version 17
VisualStudioVersion = 17.1.32210.238
MinimumVisualStudioVersion = 10.0.40219.1
Project("{2150E333-8FDC-42A3-9474-1A3956D46DE8}") = "src", "src", "{D9DDBE43-B3C6-4A0D-A11D-D4CDFEEDEC58}"
EndProject
Project("{9A19103F-16F7-4668-BE54-9A1E7A4F7556}") = "Own.Application.UnitTests", "tests\Own.Application.UnitTests\Own.Application.UnitTests.csproj", "{A387C38F-B8D5-419E-9CA7-5B5BB3D347E6}"
EndProject
Project("{2150E333-8FDC-42A3-9474-1A3956D46DE8}") = "tests", "tests", "{C6A9A662-36EF-4ECF-84A9-BBBF16B40FFC}"
EndProject
Project("{2150E333-8FDC-42A3-9474-1A3956D46DE8}") = "Core", "Core", "{C7A994D4-0334-4655-A950-8409109A8A1D}"
EndProject
Project("{2150E333-8FDC-42A3-9474-1A3956D46DE8}") = "Presentation", "Presentation", "{E560C311-929C-44D0-B70D-93F489CE0664}"
EndProject
Project("{2150E333-8FDC-42A3-9474-1A3956D46DE8}") = "Infrastructure", "Infrastructure", "{F8834E40-9C44-4BC6-B7CA-034CB9343B48}"
EndProject
Project("{FAE04EC0-301F-11D3-BF4B-00C04F79EFBC}") = "Own.Domain", "src\Core\Own.Domain\Own.Domain.csproj", "{198A8879-6EDF-462F-8643-A2238018F11E}"
EndProject
Project("{FAE04EC0-301F-11D3-BF4B-00C04F79EFBC}") = "Own.Application", "src\Core\Own.Application\Own.Application.csproj", "{E1ACE60E-242D-4C36-89D0-E7CF0EBCC100}"
EndProject
Project("{FAE04EC0-301F-11D3-BF4B-00C04F79EFBC}") = "Own.Infrastructure", "src\Infrastructure\Own.Infrastructure\Own.Infrastructure.csproj", "{ACD67AAF-65D4-4F8C-BB26-482AE2140AD8}"
EndProject
Project("{FAE04EC0-301F-11D3-BF4B-00C04F79EFBC}") = "Own.WebApi", "src\Presentation\Own.WebApi\Own.WebApi.csproj", "{26D8C598-0751-4F5A-8AD6-CD62872B565E}"
EndProject
Global
	GlobalSection(SolutionConfigurationPlatforms) = preSolution
		Debug|Any CPU = Debug|Any CPU
		Release|Any CPU = Release|Any CPU
	EndGlobalSection
	GlobalSection(ProjectConfigurationPlatforms) = postSolution
		{A387C38F-B8D5-419E-9CA7-5B5BB3D347E6}.Debug|Any CPU.ActiveCfg = Debug|Any CPU
		{A387C38F-B8D5-419E-9CA7-5B5BB3D347E6}.Debug|Any CPU.Build.0 = Debug|Any CPU
		{A387C38F-B8D5-419E-9CA7-5B5BB3D347E6}.Release|Any CPU.ActiveCfg = Release|Any CPU
		{A387C38F-B8D5-419E-9CA7-5B5BB3D347E6}.Release|Any CPU.Build.0 = Release|Any CPU
		{198A8879-6EDF-462F-8643-A2238018F11E}.Debug|Any CPU.ActiveCfg = Debug|Any CPU
		{198A8879-6EDF-462F-8643-A2238018F11E}.Debug|Any CPU.Build.0 = Debug|Any CPU
		{198A8879-6EDF-462F-8643-A2238018F11E}.Release|Any CPU.ActiveCfg = Release|Any CPU
		{198A8879-6EDF-462F-8643-A2238018F11E}.Release|Any CPU.Build.0 = Release|Any CPU
		{E1ACE60E-242D-4C36-89D0-E7CF0EBCC100}.Debug|Any CPU.ActiveCfg = Debug|Any CPU
		{E1ACE60E-242D-4C36-89D0-E7CF0EBCC100}.Debug|Any CPU.Build.0 = Debug|Any CPU
		{E1ACE60E-242D-4C36-89D0-E7CF0EBCC100}.Release|Any CPU.ActiveCfg = Release|Any CPU
		{E1ACE60E-242D-4C36-89D0-E7CF0EBCC100}.Release|Any CPU.Build.0 = Release|Any CPU
		{ACD67AAF-65D4-4F8C-BB26-482AE2140AD8}.Debug|Any CPU.ActiveCfg = Debug|Any CPU
		{ACD67AAF-65D4-4F8C-BB26-482AE2140AD8}.Debug|Any CPU.Build.0 = Debug|Any CPU
		{ACD67AAF-65D4-4F8C-BB26-482AE2140AD8}.Release|Any CPU.ActiveCfg = Release|Any CPU
		{ACD67AAF-65D4-4F8C-BB26-482AE2140AD8}.Release|Any CPU.Build.0 = Release|Any CPU
		{26D8C598-0751-4F5A-8AD6-CD62872B565E}.Debug|Any CPU.ActiveCfg = Debug|Any CPU
		{26D8C598-0751-4F5A-8AD6-CD62872B565E}.Debug|Any CPU.Build.0 = Debug|Any CPU
		{26D8C598-0751-4F5A-8AD6-CD62872B565E}.Release|Any CPU.ActiveCfg = Release|Any CPU
		{26D8C598-0751-4F5A-8AD6-CD62872B565E}.Release|Any CPU.Build.0 = Release|Any CPU
	EndGlobalSection
	GlobalSection(SolutionProperties) = preSolution
		HideSolutionNode = FALSE
	EndGlobalSection
	GlobalSection(NestedProjects) = preSolution
		{A387C38F-B8D5-419E-9CA7-5B5BB3D347E6} = {C6A9A662-36EF-4ECF-84A9-BBBF16B40FFC}
		{C7A994D4-0334-4655-A950-8409109A8A1D} = {D9DDBE43-B3C6-4A0D-A11D-D4CDFEEDEC58}
		{E560C311-929C-44D0-B70D-93F489CE0664} = {D9DDBE43-B3C6-4A0D-A11D-D4CDFEEDEC58}
		{F8834E40-9C44-4BC6-B7CA-034CB9343B48} = {D9DDBE43-B3C6-4A0D-A11D-D4CDFEEDEC58}
		{198A8879-6EDF-462F-8643-A2238018F11E} = {C7A994D4-0334-4655-A950-8409109A8A1D}
		{E1ACE60E-242D-4C36-89D0-E7CF0EBCC100} = {C7A994D4-0334-4655-A950-8409109A8A1D}
		{ACD67AAF-65D4-4F8C-BB26-482AE2140AD8} = {F8834E40-9C44-4BC6-B7CA-034CB9343B48}
		{26D8C598-0751-4F5A-8AD6-CD62872B565E} = {E560C311-929C-44D0-B70D-93F489CE0664}
	EndGlobalSection
	GlobalSection(ExtensibilityGlobals) = postSolution
		SolutionGuid = {D7133EB8-2170-49E9-8CEC-8B8E4FA7E20E}
	EndGlobalSection
EndGlobal
